
Microsoft Visual Studio Solution File, Format Version 12.00
# Visual Studio Version 17
VisualStudioVersion = 17.9.34701.34
MinimumVisualStudioVersion = 10.0.40219.1
Project("{2150E333-8FDC-42A3-9474-1A3956D46DE8}") = "src", "src", "{2DAE19FF-CBAD-49B9-A240-AAE9E20BBF8B}"
EndProject
Project("{2150E333-8FDC-42A3-9474-1A3956D46DE8}") = "services", "services", "{B831F99C-CED1-4452-AD9E-15C87E6CBBD0}"
EndProject
Project("{2150E333-8FDC-42A3-9474-1A3956D46DE8}") = "Authentication", "Authentication", "{3F63D9D4-B968-4842-B1E5-8D97FF033F37}"
EndProject
Project("{FAE04EC0-301F-11D3-BF4B-00C04F79EFBC}") = "MR.Authentication", "src\services\MR.Authentication\MR.Authentication.csproj", "{7CD52F0F-3653-4AC6-A0E3-928D4B995B8F}"
EndProject
Project("{2150E333-8FDC-42A3-9474-1A3956D46DE8}") = "MotorcycleRegistration", "MotorcycleRegistration", "{A354ED6E-0C05-4D96-A215-D86A96539A36}"
EndProject
Project("{FAE04EC0-301F-11D3-BF4B-00C04F79EFBC}") = "MR.MotorcycleRegistration", "src\services\MR.MotorcycleRegistration\MR.MotorcycleRegistration.csproj", "{B1C19356-E327-40B1-AD0D-98C014340163}"
EndProject
Project("{2150E333-8FDC-42A3-9474-1A3956D46DE8}") = "Rent", "Rent", "{F253DA69-A541-4048-90D1-51026C5F61BC}"
EndProject
Project("{FAE04EC0-301F-11D3-BF4B-00C04F79EFBC}") = "MR.RentMotorcycle", "src\services\MR.RentMotorcycle\MR.RentMotorcycle.csproj", "{22587554-0ADE-4986-B3AB-77E78A2397EE}"
EndProject
Project("{2150E333-8FDC-42A3-9474-1A3956D46DE8}") = "Order", "Order", "{7AC644E0-B762-4B28-BA7E-3E0EC0E936B0}"
EndProject
Project("{2150E333-8FDC-42A3-9474-1A3956D46DE8}") = "Consume", "Consume", "{125FB122-69C4-49C1-B756-11AC39CFB1D5}"
EndProject
Project("{FAE04EC0-301F-11D3-BF4B-00C04F79EFBC}") = "MR.ConsumeNotification", "src\services\MR.ConsumeNotification\MR.ConsumeNotification.csproj", "{E06F4369-367A-48ED-9D68-F3EA3C809DEE}"
EndProject
Project("{FAE04EC0-301F-11D3-BF4B-00C04F79EFBC}") = "MR.DeliveryOrder", "src\services\MR.DeliveryOrder\MR.DeliveryOrder.csproj", "{F9916B33-0A9A-41E3-BDA9-3DD89948C31A}"
EndProject
Global
	GlobalSection(SolutionConfigurationPlatforms) = preSolution
		Debug|Any CPU = Debug|Any CPU
		Release|Any CPU = Release|Any CPU
	EndGlobalSection
	GlobalSection(ProjectConfigurationPlatforms) = postSolution
		{7CD52F0F-3653-4AC6-A0E3-928D4B995B8F}.Debug|Any CPU.ActiveCfg = Debug|Any CPU
		{7CD52F0F-3653-4AC6-A0E3-928D4B995B8F}.Debug|Any CPU.Build.0 = Debug|Any CPU
		{7CD52F0F-3653-4AC6-A0E3-928D4B995B8F}.Release|Any CPU.ActiveCfg = Release|Any CPU
		{7CD52F0F-3653-4AC6-A0E3-928D4B995B8F}.Release|Any CPU.Build.0 = Release|Any CPU
		{B1C19356-E327-40B1-AD0D-98C014340163}.Debug|Any CPU.ActiveCfg = Debug|Any CPU
		{B1C19356-E327-40B1-AD0D-98C014340163}.Debug|Any CPU.Build.0 = Debug|Any CPU
		{B1C19356-E327-40B1-AD0D-98C014340163}.Release|Any CPU.ActiveCfg = Release|Any CPU
		{B1C19356-E327-40B1-AD0D-98C014340163}.Release|Any CPU.Build.0 = Release|Any CPU
		{22587554-0ADE-4986-B3AB-77E78A2397EE}.Debug|Any CPU.ActiveCfg = Debug|Any CPU
		{22587554-0ADE-4986-B3AB-77E78A2397EE}.Debug|Any CPU.Build.0 = Debug|Any CPU
		{22587554-0ADE-4986-B3AB-77E78A2397EE}.Release|Any CPU.ActiveCfg = Release|Any CPU
		{22587554-0ADE-4986-B3AB-77E78A2397EE}.Release|Any CPU.Build.0 = Release|Any CPU
		{E06F4369-367A-48ED-9D68-F3EA3C809DEE}.Debug|Any CPU.ActiveCfg = Debug|Any CPU
		{E06F4369-367A-48ED-9D68-F3EA3C809DEE}.Debug|Any CPU.Build.0 = Debug|Any CPU
		{E06F4369-367A-48ED-9D68-F3EA3C809DEE}.Release|Any CPU.ActiveCfg = Release|Any CPU
		{E06F4369-367A-48ED-9D68-F3EA3C809DEE}.Release|Any CPU.Build.0 = Release|Any CPU
		{F9916B33-0A9A-41E3-BDA9-3DD89948C31A}.Debug|Any CPU.ActiveCfg = Debug|Any CPU
		{F9916B33-0A9A-41E3-BDA9-3DD89948C31A}.Debug|Any CPU.Build.0 = Debug|Any CPU
		{F9916B33-0A9A-41E3-BDA9-3DD89948C31A}.Release|Any CPU.ActiveCfg = Release|Any CPU
		{F9916B33-0A9A-41E3-BDA9-3DD89948C31A}.Release|Any CPU.Build.0 = Release|Any CPU
	EndGlobalSection
	GlobalSection(SolutionProperties) = preSolution
		HideSolutionNode = FALSE
	EndGlobalSection
	GlobalSection(NestedProjects) = preSolution
		{B831F99C-CED1-4452-AD9E-15C87E6CBBD0} = {2DAE19FF-CBAD-49B9-A240-AAE9E20BBF8B}
		{3F63D9D4-B968-4842-B1E5-8D97FF033F37} = {B831F99C-CED1-4452-AD9E-15C87E6CBBD0}
		{7CD52F0F-3653-4AC6-A0E3-928D4B995B8F} = {3F63D9D4-B968-4842-B1E5-8D97FF033F37}
		{A354ED6E-0C05-4D96-A215-D86A96539A36} = {B831F99C-CED1-4452-AD9E-15C87E6CBBD0}
		{B1C19356-E327-40B1-AD0D-98C014340163} = {A354ED6E-0C05-4D96-A215-D86A96539A36}
		{F253DA69-A541-4048-90D1-51026C5F61BC} = {B831F99C-CED1-4452-AD9E-15C87E6CBBD0}
		{22587554-0ADE-4986-B3AB-77E78A2397EE} = {F253DA69-A541-4048-90D1-51026C5F61BC}
		{7AC644E0-B762-4B28-BA7E-3E0EC0E936B0} = {B831F99C-CED1-4452-AD9E-15C87E6CBBD0}
		{125FB122-69C4-49C1-B756-11AC39CFB1D5} = {B831F99C-CED1-4452-AD9E-15C87E6CBBD0}
		{E06F4369-367A-48ED-9D68-F3EA3C809DEE} = {125FB122-69C4-49C1-B756-11AC39CFB1D5}
		{F9916B33-0A9A-41E3-BDA9-3DD89948C31A} = {7AC644E0-B762-4B28-BA7E-3E0EC0E936B0}
	EndGlobalSection
	GlobalSection(ExtensibilityGlobals) = postSolution
		SolutionGuid = {5815CF85-C193-4B4E-A374-E02C0402E931}
	EndGlobalSection
EndGlobal
